
Microsoft Visual Studio Solution File, Format Version 12.00
# Visual Studio 15
VisualStudioVersion = 15.0.28307.1401
MinimumVisualStudioVersion = 10.0.40219.1
Project("{FAE04EC0-301F-11D3-BF4B-00C04F79EFBC}") = "NetSignal", "NetSignal\NetSignal.csproj", "{622516D1-EA49-4D24-B398-8D61D4ADF30D}"
EndProject
Project("{FAE04EC0-301F-11D3-BF4B-00C04F79EFBC}") = "MatchMakeServer", "MatchMakeServer\MatchMakeServer.csproj", "{9C4DC066-70D0-42AF-92AB-414545B533F9}"
EndProject
Project("{FAE04EC0-301F-11D3-BF4B-00C04F79EFBC}") = "DedicatedServer", "DedicatedServer\DedicatedServer.csproj", "{19975DC4-40DD-4678-AD6A-FFAE99796D01}"
	ProjectSection(ProjectDependencies) = postProject
		{622516D1-EA49-4D24-B398-8D61D4ADF30D} = {622516D1-EA49-4D24-B398-8D61D4ADF30D}
	EndProjectSection
EndProject
Project("{FAE04EC0-301F-11D3-BF4B-00C04F79EFBC}") = "TestNetSignalClient", "TestNetSignalClient\TestNetSignalClient.csproj", "{97895796-BA9D-4C26-8C10-D51561B97059}"
	ProjectSection(ProjectDependencies) = postProject
		{622516D1-EA49-4D24-B398-8D61D4ADF30D} = {622516D1-EA49-4D24-B398-8D61D4ADF30D}
	EndProjectSection
EndProject
Project("{FAE04EC0-301F-11D3-BF4B-00C04F79EFBC}") = "FlyByIslandDedicatedServer", "FlyByIslandDedicatedServer\FlyByIslandDedicatedServer.csproj", "{24E95ED9-C0D7-4C3F-97AF-DF1411A98C6D}"
	ProjectSection(ProjectDependencies) = postProject
		{19975DC4-40DD-4678-AD6A-FFAE99796D01} = {19975DC4-40DD-4678-AD6A-FFAE99796D01}
		{622516D1-EA49-4D24-B398-8D61D4ADF30D} = {622516D1-EA49-4D24-B398-8D61D4ADF30D}
	EndProjectSection
EndProject
Global
	GlobalSection(SolutionConfigurationPlatforms) = preSolution
		Debug|Any CPU = Debug|Any CPU
		Debug|x64 = Debug|x64
		Release|Any CPU = Release|Any CPU
		Release|x64 = Release|x64
	EndGlobalSection
	GlobalSection(ProjectConfigurationPlatforms) = postSolution
		{622516D1-EA49-4D24-B398-8D61D4ADF30D}.Debug|Any CPU.ActiveCfg = Debug|Any CPU
		{622516D1-EA49-4D24-B398-8D61D4ADF30D}.Debug|Any CPU.Build.0 = Debug|Any CPU
		{622516D1-EA49-4D24-B398-8D61D4ADF30D}.Debug|x64.ActiveCfg = Debug|Any CPU
		{622516D1-EA49-4D24-B398-8D61D4ADF30D}.Debug|x64.Build.0 = Debug|Any CPU
		{622516D1-EA49-4D24-B398-8D61D4ADF30D}.Release|Any CPU.ActiveCfg = Release|Any CPU
		{622516D1-EA49-4D24-B398-8D61D4ADF30D}.Release|Any CPU.Build.0 = Release|Any CPU
		{622516D1-EA49-4D24-B398-8D61D4ADF30D}.Release|x64.ActiveCfg = Release|Any CPU
		{622516D1-EA49-4D24-B398-8D61D4ADF30D}.Release|x64.Build.0 = Release|Any CPU
		{9C4DC066-70D0-42AF-92AB-414545B533F9}.Debug|Any CPU.ActiveCfg = Debug|Any CPU
		{9C4DC066-70D0-42AF-92AB-414545B533F9}.Debug|Any CPU.Build.0 = Debug|Any CPU
		{9C4DC066-70D0-42AF-92AB-414545B533F9}.Debug|x64.ActiveCfg = Debug|Any CPU
		{9C4DC066-70D0-42AF-92AB-414545B533F9}.Debug|x64.Build.0 = Debug|Any CPU
		{9C4DC066-70D0-42AF-92AB-414545B533F9}.Release|Any CPU.ActiveCfg = Release|Any CPU
		{9C4DC066-70D0-42AF-92AB-414545B533F9}.Release|Any CPU.Build.0 = Release|Any CPU
		{9C4DC066-70D0-42AF-92AB-414545B533F9}.Release|x64.ActiveCfg = Release|Any CPU
		{9C4DC066-70D0-42AF-92AB-414545B533F9}.Release|x64.Build.0 = Release|Any CPU
		{19975DC4-40DD-4678-AD6A-FFAE99796D01}.Debug|Any CPU.ActiveCfg = Debug|Any CPU
		{19975DC4-40DD-4678-AD6A-FFAE99796D01}.Debug|Any CPU.Build.0 = Debug|Any CPU
		{19975DC4-40DD-4678-AD6A-FFAE99796D01}.Debug|x64.ActiveCfg = Debug|Any CPU
		{19975DC4-40DD-4678-AD6A-FFAE99796D01}.Debug|x64.Build.0 = Debug|Any CPU
		{19975DC4-40DD-4678-AD6A-FFAE99796D01}.Release|Any CPU.ActiveCfg = Release|Any CPU
		{19975DC4-40DD-4678-AD6A-FFAE99796D01}.Release|Any CPU.Build.0 = Release|Any CPU
		{19975DC4-40DD-4678-AD6A-FFAE99796D01}.Release|x64.ActiveCfg = Release|Any CPU
		{19975DC4-40DD-4678-AD6A-FFAE99796D01}.Release|x64.Build.0 = Release|Any CPU
		{97895796-BA9D-4C26-8C10-D51561B97059}.Debug|Any CPU.ActiveCfg = Debug|Any CPU
		{97895796-BA9D-4C26-8C10-D51561B97059}.Debug|Any CPU.Build.0 = Debug|Any CPU
		{97895796-BA9D-4C26-8C10-D51561B97059}.Debug|x64.ActiveCfg = Debug|Any CPU
		{97895796-BA9D-4C26-8C10-D51561B97059}.Debug|x64.Build.0 = Debug|Any CPU
		{97895796-BA9D-4C26-8C10-D51561B97059}.Release|Any CPU.ActiveCfg = Release|Any CPU
		{97895796-BA9D-4C26-8C10-D51561B97059}.Release|Any CPU.Build.0 = Release|Any CPU
		{97895796-BA9D-4C26-8C10-D51561B97059}.Release|x64.ActiveCfg = Release|Any CPU
		{97895796-BA9D-4C26-8C10-D51561B97059}.Release|x64.Build.0 = Release|Any CPU
		{24E95ED9-C0D7-4C3F-97AF-DF1411A98C6D}.Debug|Any CPU.ActiveCfg = Debug|Any CPU
		{24E95ED9-C0D7-4C3F-97AF-DF1411A98C6D}.Debug|Any CPU.Build.0 = Debug|Any CPU
		{24E95ED9-C0D7-4C3F-97AF-DF1411A98C6D}.Debug|x64.ActiveCfg = Debug|Any CPU
		{24E95ED9-C0D7-4C3F-97AF-DF1411A98C6D}.Debug|x64.Build.0 = Debug|Any CPU
		{24E95ED9-C0D7-4C3F-97AF-DF1411A98C6D}.Release|Any CPU.ActiveCfg = Release|Any CPU
		{24E95ED9-C0D7-4C3F-97AF-DF1411A98C6D}.Release|Any CPU.Build.0 = Release|Any CPU
		{24E95ED9-C0D7-4C3F-97AF-DF1411A98C6D}.Release|x64.ActiveCfg = Release|Any CPU
		{24E95ED9-C0D7-4C3F-97AF-DF1411A98C6D}.Release|x64.Build.0 = Release|Any CPU
	EndGlobalSection
	GlobalSection(SolutionProperties) = preSolution
		HideSolutionNode = FALSE
	EndGlobalSection
	GlobalSection(ExtensibilityGlobals) = postSolution
		SolutionGuid = {E173122E-A8D9-4575-9694-F550090DD815}
	EndGlobalSection
EndGlobal
